// !$*UTF8*$!
{
	archiveVersion = 1;
	classes = {
	};
	objectVersion = 56;
	objects = {

/* Begin PBXBuildFile section */
		6F068A262BB9D27100261B90 /* ImportPreviousCSVFilesView.swift in Sources */ = {isa = PBXBuildFile; fileRef = 6F068A252BB9D27100261B90 /* ImportPreviousCSVFilesView.swift */; };
		6F2F96872BA5A07B00D56C74 /* CatventoryApp.swift in Sources */ = {isa = PBXBuildFile; fileRef = 6F2F96862BA5A07B00D56C74 /* CatventoryApp.swift */; };
		6F2F96892BA5A07B00D56C74 /* ContentView.swift in Sources */ = {isa = PBXBuildFile; fileRef = 6F2F96882BA5A07B00D56C74 /* ContentView.swift */; };
		6F2F968D2BA5A07D00D56C74 /* Assets.xcassets in Resources */ = {isa = PBXBuildFile; fileRef = 6F2F968C2BA5A07D00D56C74 /* Assets.xcassets */; };
		6F2F96902BA5A07D00D56C74 /* Preview Assets.xcassets in Resources */ = {isa = PBXBuildFile; fileRef = 6F2F968F2BA5A07D00D56C74 /* Preview Assets.xcassets */; };
		6F2F969A2BA5A07D00D56C74 /* CatventoryTests.swift in Sources */ = {isa = PBXBuildFile; fileRef = 6F2F96992BA5A07D00D56C74 /* CatventoryTests.swift */; };
		6F2F96A42BA5A07D00D56C74 /* CatventoryUITests.swift in Sources */ = {isa = PBXBuildFile; fileRef = 6F2F96A32BA5A07D00D56C74 /* CatventoryUITests.swift */; };
		6F2F96A62BA5A07D00D56C74 /* CatventoryUITestsLaunchTests.swift in Sources */ = {isa = PBXBuildFile; fileRef = 6F2F96A52BA5A07D00D56C74 /* CatventoryUITestsLaunchTests.swift */; };
		6F2F96BA2BA5C9D500D56C74 /* CheckInCheckOutView.swift in Sources */ = {isa = PBXBuildFile; fileRef = 6F2F96B92BA5C9D500D56C74 /* CheckInCheckOutView.swift */; };
		6F2F96BC2BA5D36F00D56C74 /* ShowAllScansView.swift in Sources */ = {isa = PBXBuildFile; fileRef = 6F2F96BB2BA5D36E00D56C74 /* ShowAllScansView.swift */; };
		6F2F96C62BA76FD800D56C74 /* HomeScreenView.swift in Sources */ = {isa = PBXBuildFile; fileRef = 6F2F96C52BA76FD800D56C74 /* HomeScreenView.swift */; };
		6F2F96CB2BA7737200D56C74 /* SwiftUIIntrospect in Frameworks */ = {isa = PBXBuildFile; productRef = 6F2F96CA2BA7737200D56C74 /* SwiftUIIntrospect */; };
		6F2F96CD2BA77AF500D56C74 /* MoreInfoView.swift in Sources */ = {isa = PBXBuildFile; fileRef = 6F2F96CC2BA77AF500D56C74 /* MoreInfoView.swift */; };
		6F2F96D72BA8C12500D56C74 /* FilePicker in Frameworks */ = {isa = PBXBuildFile; productRef = 6F2F96D62BA8C12500D56C74 /* FilePicker */; };
		6F3F2C5F2BB59C7D00AEFDF8 /* SwiftCSV in Frameworks */ = {isa = PBXBuildFile; productRef = 6F3F2C5E2BB59C7D00AEFDF8 /* SwiftCSV */; };
		6F7410B82BBB44CC004AC613 /* SavedTourManager.swift in Sources */ = {isa = PBXBuildFile; fileRef = 6F7410B72BBB44CC004AC613 /* SavedTourManager.swift */; };
/* End PBXBuildFile section */

/* Begin PBXBuildRule section */
		6F2F96D42BA7915000D56C74 /* PBXBuildRule */ = {
			isa = PBXBuildRule;
			compilerSpec = com.apple.compilers.proxy.script;
			fileType = text.plist;
			inputFiles = (
			);
			isEditable = 1;
			outputFiles = (
			);
			script = "# builtin-copyPlist\n";
		};
/* End PBXBuildRule section */

/* Begin PBXContainerItemProxy section */
		6F2F96962BA5A07D00D56C74 /* PBXContainerItemProxy */ = {
			isa = PBXContainerItemProxy;
			containerPortal = 6F2F967B2BA5A07B00D56C74 /* Project object */;
			proxyType = 1;
			remoteGlobalIDString = 6F2F96822BA5A07B00D56C74;
			remoteInfo = Catventory;
		};
		6F2F96A02BA5A07D00D56C74 /* PBXContainerItemProxy */ = {
			isa = PBXContainerItemProxy;
			containerPortal = 6F2F967B2BA5A07B00D56C74 /* Project object */;
			proxyType = 1;
			remoteGlobalIDString = 6F2F96822BA5A07B00D56C74;
			remoteInfo = Catventory;
		};
/* End PBXContainerItemProxy section */

/* Begin PBXFileReference section */
		6F068A252BB9D27100261B90 /* ImportPreviousCSVFilesView.swift */ = {isa = PBXFileReference; lastKnownFileType = sourcecode.swift; path = ImportPreviousCSVFilesView.swift; sourceTree = "<group>"; };
		6F2F96832BA5A07B00D56C74 /* Catventory.app */ = {isa = PBXFileReference; explicitFileType = wrapper.application; includeInIndex = 0; path = Catventory.app; sourceTree = BUILT_PRODUCTS_DIR; };
		6F2F96862BA5A07B00D56C74 /* CatventoryApp.swift */ = {isa = PBXFileReference; lastKnownFileType = sourcecode.swift; path = CatventoryApp.swift; sourceTree = "<group>"; };
		6F2F96882BA5A07B00D56C74 /* ContentView.swift */ = {isa = PBXFileReference; lastKnownFileType = sourcecode.swift; path = ContentView.swift; sourceTree = "<group>"; };
		6F2F968C2BA5A07D00D56C74 /* Assets.xcassets */ = {isa = PBXFileReference; lastKnownFileType = folder.assetcatalog; path = Assets.xcassets; sourceTree = "<group>"; };
		6F2F968F2BA5A07D00D56C74 /* Preview Assets.xcassets */ = {isa = PBXFileReference; lastKnownFileType = folder.assetcatalog; path = "Preview Assets.xcassets"; sourceTree = "<group>"; };
		6F2F96952BA5A07D00D56C74 /* CatventoryTests.xctest */ = {isa = PBXFileReference; explicitFileType = wrapper.cfbundle; includeInIndex = 0; path = CatventoryTests.xctest; sourceTree = BUILT_PRODUCTS_DIR; };
		6F2F96992BA5A07D00D56C74 /* CatventoryTests.swift */ = {isa = PBXFileReference; lastKnownFileType = sourcecode.swift; path = CatventoryTests.swift; sourceTree = "<group>"; };
		6F2F969F2BA5A07D00D56C74 /* CatventoryUITests.xctest */ = {isa = PBXFileReference; explicitFileType = wrapper.cfbundle; includeInIndex = 0; path = CatventoryUITests.xctest; sourceTree = BUILT_PRODUCTS_DIR; };
		6F2F96A32BA5A07D00D56C74 /* CatventoryUITests.swift */ = {isa = PBXFileReference; lastKnownFileType = sourcecode.swift; path = CatventoryUITests.swift; sourceTree = "<group>"; };
		6F2F96A52BA5A07D00D56C74 /* CatventoryUITestsLaunchTests.swift */ = {isa = PBXFileReference; lastKnownFileType = sourcecode.swift; path = CatventoryUITestsLaunchTests.swift; sourceTree = "<group>"; };
		6F2F96B92BA5C9D500D56C74 /* CheckInCheckOutView.swift */ = {isa = PBXFileReference; lastKnownFileType = sourcecode.swift; path = CheckInCheckOutView.swift; sourceTree = "<group>"; };
		6F2F96BB2BA5D36E00D56C74 /* ShowAllScansView.swift */ = {isa = PBXFileReference; lastKnownFileType = sourcecode.swift; path = ShowAllScansView.swift; sourceTree = "<group>"; };
		6F2F96C52BA76FD800D56C74 /* HomeScreenView.swift */ = {isa = PBXFileReference; lastKnownFileType = sourcecode.swift; path = HomeScreenView.swift; sourceTree = "<group>"; };
		6F2F96CC2BA77AF500D56C74 /* MoreInfoView.swift */ = {isa = PBXFileReference; lastKnownFileType = sourcecode.swift; path = MoreInfoView.swift; sourceTree = "<group>"; };
		6F7410B72BBB44CC004AC613 /* SavedTourManager.swift */ = {isa = PBXFileReference; lastKnownFileType = sourcecode.swift; path = SavedTourManager.swift; sourceTree = "<group>"; };
/* End PBXFileReference section */

/* Begin PBXFrameworksBuildPhase section */
		6F2F96802BA5A07B00D56C74 /* Frameworks */ = {
			isa = PBXFrameworksBuildPhase;
			buildActionMask = 2147483647;
			files = (
				6F3F2C5F2BB59C7D00AEFDF8 /* SwiftCSV in Frameworks */,
				6F2F96D72BA8C12500D56C74 /* FilePicker in Frameworks */,
				6F2F96CB2BA7737200D56C74 /* SwiftUIIntrospect in Frameworks */,
			);
			runOnlyForDeploymentPostprocessing = 0;
		};
		6F2F96922BA5A07D00D56C74 /* Frameworks */ = {
			isa = PBXFrameworksBuildPhase;
			buildActionMask = 2147483647;
			files = (
			);
			runOnlyForDeploymentPostprocessing = 0;
		};
		6F2F969C2BA5A07D00D56C74 /* Frameworks */ = {
			isa = PBXFrameworksBuildPhase;
			buildActionMask = 2147483647;
			files = (
			);
			runOnlyForDeploymentPostprocessing = 0;
		};
/* End PBXFrameworksBuildPhase section */

/* Begin PBXGroup section */
		6F2F967A2BA5A07B00D56C74 = {
			isa = PBXGroup;
			children = (
				6F2F96852BA5A07B00D56C74 /* Catventory */,
				6F2F96982BA5A07D00D56C74 /* CatventoryTests */,
				6F2F96A22BA5A07D00D56C74 /* CatventoryUITests */,
				6F2F96842BA5A07B00D56C74 /* Products */,
			);
			sourceTree = "<group>";
		};
		6F2F96842BA5A07B00D56C74 /* Products */ = {
			isa = PBXGroup;
			children = (
				6F2F96832BA5A07B00D56C74 /* Catventory.app */,
				6F2F96952BA5A07D00D56C74 /* CatventoryTests.xctest */,
				6F2F969F2BA5A07D00D56C74 /* CatventoryUITests.xctest */,
			);
			name = Products;
			sourceTree = "<group>";
		};
		6F2F96852BA5A07B00D56C74 /* Catventory */ = {
			isa = PBXGroup;
			children = (
				6F2F96862BA5A07B00D56C74 /* CatventoryApp.swift */,
				6F2F96C52BA76FD800D56C74 /* HomeScreenView.swift */,
				6F7410B72BBB44CC004AC613 /* SavedTourManager.swift */,
				6F068A252BB9D27100261B90 /* ImportPreviousCSVFilesView.swift */,
				6F2F96CC2BA77AF500D56C74 /* MoreInfoView.swift */,
				6F2F96882BA5A07B00D56C74 /* ContentView.swift */,
				6F2F96B92BA5C9D500D56C74 /* CheckInCheckOutView.swift */,
				6F2F96BB2BA5D36E00D56C74 /* ShowAllScansView.swift */,
				6F2F968C2BA5A07D00D56C74 /* Assets.xcassets */,
				6F2F968E2BA5A07D00D56C74 /* Preview Content */,
			);
			path = Catventory;
			sourceTree = "<group>";
		};
		6F2F968E2BA5A07D00D56C74 /* Preview Content */ = {
			isa = PBXGroup;
			children = (
				6F2F968F2BA5A07D00D56C74 /* Preview Assets.xcassets */,
			);
			path = "Preview Content";
			sourceTree = "<group>";
		};
		6F2F96982BA5A07D00D56C74 /* CatventoryTests */ = {
			isa = PBXGroup;
			children = (
				6F2F96992BA5A07D00D56C74 /* CatventoryTests.swift */,
			);
			path = CatventoryTests;
			sourceTree = "<group>";
		};
		6F2F96A22BA5A07D00D56C74 /* CatventoryUITests */ = {
			isa = PBXGroup;
			children = (
				6F2F96A32BA5A07D00D56C74 /* CatventoryUITests.swift */,
				6F2F96A52BA5A07D00D56C74 /* CatventoryUITestsLaunchTests.swift */,
			);
			path = CatventoryUITests;
			sourceTree = "<group>";
		};
/* End PBXGroup section */

/* Begin PBXNativeTarget section */
		6F2F96822BA5A07B00D56C74 /* Catventory */ = {
			isa = PBXNativeTarget;
			buildConfigurationList = 6F2F96A92BA5A07D00D56C74 /* Build configuration list for PBXNativeTarget "Catventory" */;
			buildPhases = (
				6F2F967F2BA5A07B00D56C74 /* Sources */,
				6F2F96802BA5A07B00D56C74 /* Frameworks */,
				6F2F96812BA5A07B00D56C74 /* Resources */,
			);
			buildRules = (
				6F2F96D42BA7915000D56C74 /* PBXBuildRule */,
			);
			dependencies = (
			);
			name = Catventory;
			packageProductDependencies = (
				6F2F96CA2BA7737200D56C74 /* SwiftUIIntrospect */,
				6F2F96D62BA8C12500D56C74 /* FilePicker */,
				6F3F2C5E2BB59C7D00AEFDF8 /* SwiftCSV */,
			);
			productName = Catventory;
			productReference = 6F2F96832BA5A07B00D56C74 /* Catventory.app */;
			productType = "com.apple.product-type.application";
		};
		6F2F96942BA5A07D00D56C74 /* CatventoryTests */ = {
			isa = PBXNativeTarget;
			buildConfigurationList = 6F2F96AC2BA5A07D00D56C74 /* Build configuration list for PBXNativeTarget "CatventoryTests" */;
			buildPhases = (
				6F2F96912BA5A07D00D56C74 /* Sources */,
				6F2F96922BA5A07D00D56C74 /* Frameworks */,
				6F2F96932BA5A07D00D56C74 /* Resources */,
			);
			buildRules = (
			);
			dependencies = (
				6F2F96972BA5A07D00D56C74 /* PBXTargetDependency */,
			);
			name = CatventoryTests;
			productName = CatventoryTests;
			productReference = 6F2F96952BA5A07D00D56C74 /* CatventoryTests.xctest */;
			productType = "com.apple.product-type.bundle.unit-test";
		};
		6F2F969E2BA5A07D00D56C74 /* CatventoryUITests */ = {
			isa = PBXNativeTarget;
			buildConfigurationList = 6F2F96AF2BA5A07D00D56C74 /* Build configuration list for PBXNativeTarget "CatventoryUITests" */;
			buildPhases = (
				6F2F969B2BA5A07D00D56C74 /* Sources */,
				6F2F969C2BA5A07D00D56C74 /* Frameworks */,
				6F2F969D2BA5A07D00D56C74 /* Resources */,
			);
			buildRules = (
			);
			dependencies = (
				6F2F96A12BA5A07D00D56C74 /* PBXTargetDependency */,
			);
			name = CatventoryUITests;
			productName = CatventoryUITests;
			productReference = 6F2F969F2BA5A07D00D56C74 /* CatventoryUITests.xctest */;
			productType = "com.apple.product-type.bundle.ui-testing";
		};
/* End PBXNativeTarget section */

/* Begin PBXProject section */
		6F2F967B2BA5A07B00D56C74 /* Project object */ = {
			isa = PBXProject;
			attributes = {
				BuildIndependentTargetsInParallel = 1;
				LastSwiftUpdateCheck = 1530;
				LastUpgradeCheck = 1530;
				TargetAttributes = {
					6F2F96822BA5A07B00D56C74 = {
						CreatedOnToolsVersion = 15.3;
					};
					6F2F96942BA5A07D00D56C74 = {
						CreatedOnToolsVersion = 15.3;
						TestTargetID = 6F2F96822BA5A07B00D56C74;
					};
					6F2F969E2BA5A07D00D56C74 = {
						CreatedOnToolsVersion = 15.3;
						TestTargetID = 6F2F96822BA5A07B00D56C74;
					};
				};
			};
			buildConfigurationList = 6F2F967E2BA5A07B00D56C74 /* Build configuration list for PBXProject "Catventory" */;
			compatibilityVersion = "Xcode 14.0";
			developmentRegion = en;
			hasScannedForEncodings = 0;
			knownRegions = (
				en,
				Base,
			);
			mainGroup = 6F2F967A2BA5A07B00D56C74;
			packageReferences = (
				6F2F96B82BA5BBC100D56C74 /* XCRemoteSwiftPackageReference "CodeScanner" */,
				6F2F96C92BA7737200D56C74 /* XCRemoteSwiftPackageReference "SwiftUI-Introspect" */,
				6F2F96D52BA8C12500D56C74 /* XCRemoteSwiftPackageReference "FilePicker" */,
				6F3F2C5D2BB59C3E00AEFDF8 /* XCRemoteSwiftPackageReference "SwiftCSV" */,
			);
			productRefGroup = 6F2F96842BA5A07B00D56C74 /* Products */;
			projectDirPath = "";
			projectRoot = "";
			targets = (
				6F2F96822BA5A07B00D56C74 /* Catventory */,
				6F2F96942BA5A07D00D56C74 /* CatventoryTests */,
				6F2F969E2BA5A07D00D56C74 /* CatventoryUITests */,
			);
		};
/* End PBXProject section */

/* Begin PBXResourcesBuildPhase section */
		6F2F96812BA5A07B00D56C74 /* Resources */ = {
			isa = PBXResourcesBuildPhase;
			buildActionMask = 2147483647;
			files = (
				6F2F96902BA5A07D00D56C74 /* Preview Assets.xcassets in Resources */,
				6F2F968D2BA5A07D00D56C74 /* Assets.xcassets in Resources */,
			);
			runOnlyForDeploymentPostprocessing = 0;
		};
		6F2F96932BA5A07D00D56C74 /* Resources */ = {
			isa = PBXResourcesBuildPhase;
			buildActionMask = 2147483647;
			files = (
			);
			runOnlyForDeploymentPostprocessing = 0;
		};
		6F2F969D2BA5A07D00D56C74 /* Resources */ = {
			isa = PBXResourcesBuildPhase;
			buildActionMask = 2147483647;
			files = (
			);
			runOnlyForDeploymentPostprocessing = 0;
		};
/* End PBXResourcesBuildPhase section */

/* Begin PBXSourcesBuildPhase section */
		6F2F967F2BA5A07B00D56C74 /* Sources */ = {
			isa = PBXSourcesBuildPhase;
			buildActionMask = 2147483647;
			files = (
				6F2F96892BA5A07B00D56C74 /* ContentView.swift in Sources */,
				6F7410B82BBB44CC004AC613 /* SavedTourManager.swift in Sources */,
				6F2F96872BA5A07B00D56C74 /* CatventoryApp.swift in Sources */,
				6F2F96C62BA76FD800D56C74 /* HomeScreenView.swift in Sources */,
				6F2F96CD2BA77AF500D56C74 /* MoreInfoView.swift in Sources */,
				6F2F96BC2BA5D36F00D56C74 /* ShowAllScansView.swift in Sources */,
				6F068A262BB9D27100261B90 /* ImportPreviousCSVFilesView.swift in Sources */,
				6F2F96BA2BA5C9D500D56C74 /* CheckInCheckOutView.swift in Sources */,
			);
			runOnlyForDeploymentPostprocessing = 0;
		};
		6F2F96912BA5A07D00D56C74 /* Sources */ = {
			isa = PBXSourcesBuildPhase;
			buildActionMask = 2147483647;
			files = (
				6F2F969A2BA5A07D00D56C74 /* CatventoryTests.swift in Sources */,
			);
			runOnlyForDeploymentPostprocessing = 0;
		};
		6F2F969B2BA5A07D00D56C74 /* Sources */ = {
			isa = PBXSourcesBuildPhase;
			buildActionMask = 2147483647;
			files = (
				6F2F96A42BA5A07D00D56C74 /* CatventoryUITests.swift in Sources */,
				6F2F96A62BA5A07D00D56C74 /* CatventoryUITestsLaunchTests.swift in Sources */,
			);
			runOnlyForDeploymentPostprocessing = 0;
		};
/* End PBXSourcesBuildPhase section */

/* Begin PBXTargetDependency section */
		6F2F96972BA5A07D00D56C74 /* PBXTargetDependency */ = {
			isa = PBXTargetDependency;
			target = 6F2F96822BA5A07B00D56C74 /* Catventory */;
			targetProxy = 6F2F96962BA5A07D00D56C74 /* PBXContainerItemProxy */;
		};
		6F2F96A12BA5A07D00D56C74 /* PBXTargetDependency */ = {
			isa = PBXTargetDependency;
			target = 6F2F96822BA5A07B00D56C74 /* Catventory */;
			targetProxy = 6F2F96A02BA5A07D00D56C74 /* PBXContainerItemProxy */;
		};
/* End PBXTargetDependency section */

/* Begin XCBuildConfiguration section */
		6F2F96A72BA5A07D00D56C74 /* Debug */ = {
			isa = XCBuildConfiguration;
			buildSettings = {
				ALWAYS_SEARCH_USER_PATHS = NO;
				ASSETCATALOG_COMPILER_GENERATE_SWIFT_ASSET_SYMBOL_EXTENSIONS = YES;
				CLANG_ANALYZER_NONNULL = YES;
				CLANG_ANALYZER_NUMBER_OBJECT_CONVERSION = YES_AGGRESSIVE;
				CLANG_CXX_LANGUAGE_STANDARD = "gnu++20";
				CLANG_ENABLE_MODULES = YES;
				CLANG_ENABLE_OBJC_ARC = YES;
				CLANG_ENABLE_OBJC_WEAK = YES;
				CLANG_WARN_BLOCK_CAPTURE_AUTORELEASING = YES;
				CLANG_WARN_BOOL_CONVERSION = YES;
				CLANG_WARN_COMMA = YES;
				CLANG_WARN_CONSTANT_CONVERSION = YES;
				CLANG_WARN_DEPRECATED_OBJC_IMPLEMENTATIONS = YES;
				CLANG_WARN_DIRECT_OBJC_ISA_USAGE = YES_ERROR;
				CLANG_WARN_DOCUMENTATION_COMMENTS = YES;
				CLANG_WARN_EMPTY_BODY = YES;
				CLANG_WARN_ENUM_CONVERSION = YES;
				CLANG_WARN_INFINITE_RECURSION = YES;
				CLANG_WARN_INT_CONVERSION = YES;
				CLANG_WARN_NON_LITERAL_NULL_CONVERSION = YES;
				CLANG_WARN_OBJC_IMPLICIT_RETAIN_SELF = YES;
				CLANG_WARN_OBJC_LITERAL_CONVERSION = YES;
				CLANG_WARN_OBJC_ROOT_CLASS = YES_ERROR;
				CLANG_WARN_QUOTED_INCLUDE_IN_FRAMEWORK_HEADER = YES;
				CLANG_WARN_RANGE_LOOP_ANALYSIS = YES;
				CLANG_WARN_STRICT_PROTOTYPES = YES;
				CLANG_WARN_SUSPICIOUS_MOVE = YES;
				CLANG_WARN_UNGUARDED_AVAILABILITY = YES_AGGRESSIVE;
				CLANG_WARN_UNREACHABLE_CODE = YES;
				CLANG_WARN__DUPLICATE_METHOD_MATCH = YES;
				COPY_PHASE_STRIP = NO;
				DEBUG_INFORMATION_FORMAT = dwarf;
				ENABLE_STRICT_OBJC_MSGSEND = YES;
				ENABLE_TESTABILITY = YES;
				ENABLE_USER_SCRIPT_SANDBOXING = YES;
				GCC_C_LANGUAGE_STANDARD = gnu17;
				GCC_DYNAMIC_NO_PIC = NO;
				GCC_NO_COMMON_BLOCKS = YES;
				GCC_OPTIMIZATION_LEVEL = 0;
				GCC_PREPROCESSOR_DEFINITIONS = (
					"DEBUG=1",
					"$(inherited)",
				);
				GCC_WARN_64_TO_32_BIT_CONVERSION = YES;
				GCC_WARN_ABOUT_RETURN_TYPE = YES_ERROR;
				GCC_WARN_UNDECLARED_SELECTOR = YES;
				GCC_WARN_UNINITIALIZED_AUTOS = YES_AGGRESSIVE;
				GCC_WARN_UNUSED_FUNCTION = YES;
				GCC_WARN_UNUSED_VARIABLE = YES;
				IPHONEOS_DEPLOYMENT_TARGET = 17.4;
				LOCALIZATION_PREFERS_STRING_CATALOGS = YES;
				MTL_ENABLE_DEBUG_INFO = INCLUDE_SOURCE;
				MTL_FAST_MATH = YES;
				ONLY_ACTIVE_ARCH = YES;
				SDKROOT = iphoneos;
				SWIFT_ACTIVE_COMPILATION_CONDITIONS = "DEBUG $(inherited)";
				SWIFT_OPTIMIZATION_LEVEL = "-Onone";
			};
			name = Debug;
		};
		6F2F96A82BA5A07D00D56C74 /* Release */ = {
			isa = XCBuildConfiguration;
			buildSettings = {
				ALWAYS_SEARCH_USER_PATHS = NO;
				ASSETCATALOG_COMPILER_GENERATE_SWIFT_ASSET_SYMBOL_EXTENSIONS = YES;
				CLANG_ANALYZER_NONNULL = YES;
				CLANG_ANALYZER_NUMBER_OBJECT_CONVERSION = YES_AGGRESSIVE;
				CLANG_CXX_LANGUAGE_STANDARD = "gnu++20";
				CLANG_ENABLE_MODULES = YES;
				CLANG_ENABLE_OBJC_ARC = YES;
				CLANG_ENABLE_OBJC_WEAK = YES;
				CLANG_WARN_BLOCK_CAPTURE_AUTORELEASING = YES;
				CLANG_WARN_BOOL_CONVERSION = YES;
				CLANG_WARN_COMMA = YES;
				CLANG_WARN_CONSTANT_CONVERSION = YES;
				CLANG_WARN_DEPRECATED_OBJC_IMPLEMENTATIONS = YES;
				CLANG_WARN_DIRECT_OBJC_ISA_USAGE = YES_ERROR;
				CLANG_WARN_DOCUMENTATION_COMMENTS = YES;
				CLANG_WARN_EMPTY_BODY = YES;
				CLANG_WARN_ENUM_CONVERSION = YES;
				CLANG_WARN_INFINITE_RECURSION = YES;
				CLANG_WARN_INT_CONVERSION = YES;
				CLANG_WARN_NON_LITERAL_NULL_CONVERSION = YES;
				CLANG_WARN_OBJC_IMPLICIT_RETAIN_SELF = YES;
				CLANG_WARN_OBJC_LITERAL_CONVERSION = YES;
				CLANG_WARN_OBJC_ROOT_CLASS = YES_ERROR;
				CLANG_WARN_QUOTED_INCLUDE_IN_FRAMEWORK_HEADER = YES;
				CLANG_WARN_RANGE_LOOP_ANALYSIS = YES;
				CLANG_WARN_STRICT_PROTOTYPES = YES;
				CLANG_WARN_SUSPICIOUS_MOVE = YES;
				CLANG_WARN_UNGUARDED_AVAILABILITY = YES_AGGRESSIVE;
				CLANG_WARN_UNREACHABLE_CODE = YES;
				CLANG_WARN__DUPLICATE_METHOD_MATCH = YES;
				COPY_PHASE_STRIP = NO;
				DEBUG_INFORMATION_FORMAT = "dwarf-with-dsym";
				ENABLE_NS_ASSERTIONS = NO;
				ENABLE_STRICT_OBJC_MSGSEND = YES;
				ENABLE_USER_SCRIPT_SANDBOXING = YES;
				GCC_C_LANGUAGE_STANDARD = gnu17;
				GCC_NO_COMMON_BLOCKS = YES;
				GCC_WARN_64_TO_32_BIT_CONVERSION = YES;
				GCC_WARN_ABOUT_RETURN_TYPE = YES_ERROR;
				GCC_WARN_UNDECLARED_SELECTOR = YES;
				GCC_WARN_UNINITIALIZED_AUTOS = YES_AGGRESSIVE;
				GCC_WARN_UNUSED_FUNCTION = YES;
				GCC_WARN_UNUSED_VARIABLE = YES;
				IPHONEOS_DEPLOYMENT_TARGET = 17.4;
				LOCALIZATION_PREFERS_STRING_CATALOGS = YES;
				MTL_ENABLE_DEBUG_INFO = NO;
				MTL_FAST_MATH = YES;
				SDKROOT = iphoneos;
				SWIFT_COMPILATION_MODE = wholemodule;
				VALIDATE_PRODUCT = YES;
			};
			name = Release;
		};
		6F2F96AA2BA5A07D00D56C74 /* Debug */ = {
			isa = XCBuildConfiguration;
			buildSettings = {
				ASSETCATALOG_COMPILER_APPICON_NAME = AppIcon;
				ASSETCATALOG_COMPILER_GLOBAL_ACCENT_COLOR_NAME = AccentColor;
				CODE_SIGN_STYLE = Automatic;
				CURRENT_PROJECT_VERSION = 1;
				DEVELOPMENT_ASSET_PATHS = "\"Catventory/Preview Content\"";
				DEVELOPMENT_TEAM = 8Y3J97SYZG;
				ENABLE_PREVIEWS = YES;
				GENERATE_INFOPLIST_FILE = YES;
				INFOPLIST_FILE = Catventory/Info.plist;
				INFOPLIST_KEY_NSCameraUsageDescription = "App uses camera to detect QR codes";
				INFOPLIST_KEY_UIApplicationSceneManifest_Generation = YES;
				INFOPLIST_KEY_UIApplicationSupportsIndirectInputEvents = "";
				INFOPLIST_KEY_UILaunchScreen_Generation = YES;
				INFOPLIST_KEY_UISupportedInterfaceOrientations = "UIInterfaceOrientationLandscapeLeft UIInterfaceOrientationLandscapeRight UIInterfaceOrientationPortrait UIInterfaceOrientationPortraitUpsideDown";
				LD_RUNPATH_SEARCH_PATHS = (
					"$(inherited)",
					"@executable_path/Frameworks",
				);
				MARKETING_VERSION = 1.0;
				PRODUCT_BUNDLE_IDENTIFIER = "Fluffik-Studio.Catventory";
				PRODUCT_NAME = "$(TARGET_NAME)";
				SWIFT_EMIT_LOC_STRINGS = YES;
				SWIFT_VERSION = 5.0;
				TARGETED_DEVICE_FAMILY = "1,2";
			};
			name = Debug;
		};
		6F2F96AB2BA5A07D00D56C74 /* Release */ = {
			isa = XCBuildConfiguration;
			buildSettings = {
				ASSETCATALOG_COMPILER_APPICON_NAME = AppIcon;
				ASSETCATALOG_COMPILER_GLOBAL_ACCENT_COLOR_NAME = AccentColor;
				CODE_SIGN_STYLE = Automatic;
				CURRENT_PROJECT_VERSION = 1;
				DEVELOPMENT_ASSET_PATHS = "\"Catventory/Preview Content\"";
				DEVELOPMENT_TEAM = 8Y3J97SYZG;
				ENABLE_PREVIEWS = YES;
				GENERATE_INFOPLIST_FILE = YES;
				INFOPLIST_FILE = Catventory/Info.plist;
				INFOPLIST_KEY_NSCameraUsageDescription = "App uses camera to detect QR codes";
				INFOPLIST_KEY_UIApplicationSceneManifest_Generation = YES;
				INFOPLIST_KEY_UIApplicationSupportsIndirectInputEvents = "";
				INFOPLIST_KEY_UILaunchScreen_Generation = YES;
				INFOPLIST_KEY_UISupportedInterfaceOrientations = "UIInterfaceOrientationLandscapeLeft UIInterfaceOrientationLandscapeRight UIInterfaceOrientationPortrait UIInterfaceOrientationPortraitUpsideDown";
				LD_RUNPATH_SEARCH_PATHS = (
					"$(inherited)",
					"@executable_path/Frameworks",
				);
				MARKETING_VERSION = 1.0;
				PRODUCT_BUNDLE_IDENTIFIER = "Fluffik-Studio.Catventory";
				PRODUCT_NAME = "$(TARGET_NAME)";
				SWIFT_EMIT_LOC_STRINGS = YES;
				SWIFT_VERSION = 5.0;
				TARGETED_DEVICE_FAMILY = "1,2";
			};
			name = Release;
		};
		6F2F96AD2BA5A07D00D56C74 /* Debug */ = {
			isa = XCBuildConfiguration;
			buildSettings = {
				ALWAYS_EMBED_SWIFT_STANDARD_LIBRARIES = YES;
				BUNDLE_LOADER = "$(TEST_HOST)";
				CODE_SIGN_STYLE = Automatic;
				CURRENT_PROJECT_VERSION = 1;
				DEVELOPMENT_TEAM = 8Y3J97SYZG;
				GENERATE_INFOPLIST_FILE = YES;
				IPHONEOS_DEPLOYMENT_TARGET = 17.4;
				MARKETING_VERSION = 1.0;
				PRODUCT_BUNDLE_IDENTIFIER = "Fluffik-Studio.CatventoryTests";
				PRODUCT_NAME = "$(TARGET_NAME)";
				SWIFT_EMIT_LOC_STRINGS = NO;
				SWIFT_VERSION = 5.0;
				TARGETED_DEVICE_FAMILY = "1,2";
				TEST_HOST = "$(BUILT_PRODUCTS_DIR)/Catventory.app/$(BUNDLE_EXECUTABLE_FOLDER_PATH)/Catventory";
			};
			name = Debug;
		};
		6F2F96AE2BA5A07D00D56C74 /* Release */ = {
			isa = XCBuildConfiguration;
			buildSettings = {
				ALWAYS_EMBED_SWIFT_STANDARD_LIBRARIES = YES;
				BUNDLE_LOADER = "$(TEST_HOST)";
				CODE_SIGN_STYLE = Automatic;
				CURRENT_PROJECT_VERSION = 1;
				DEVELOPMENT_TEAM = 8Y3J97SYZG;
				GENERATE_INFOPLIST_FILE = YES;
				IPHONEOS_DEPLOYMENT_TARGET = 17.4;
				MARKETING_VERSION = 1.0;
				PRODUCT_BUNDLE_IDENTIFIER = "Fluffik-Studio.CatventoryTests";
				PRODUCT_NAME = "$(TARGET_NAME)";
				SWIFT_EMIT_LOC_STRINGS = NO;
				SWIFT_VERSION = 5.0;
				TARGETED_DEVICE_FAMILY = "1,2";
				TEST_HOST = "$(BUILT_PRODUCTS_DIR)/Catventory.app/$(BUNDLE_EXECUTABLE_FOLDER_PATH)/Catventory";
			};
			name = Release;
		};
		6F2F96B02BA5A07D00D56C74 /* Debug */ = {
			isa = XCBuildConfiguration;
			buildSettings = {
				ALWAYS_EMBED_SWIFT_STANDARD_LIBRARIES = YES;
				CODE_SIGN_STYLE = Automatic;
				CURRENT_PROJECT_VERSION = 1;
				DEVELOPMENT_TEAM = 8Y3J97SYZG;
				GENERATE_INFOPLIST_FILE = YES;
				MARKETING_VERSION = 1.0;
				PRODUCT_BUNDLE_IDENTIFIER = "Fluffik-Studio.CatventoryUITests";
				PRODUCT_NAME = "$(TARGET_NAME)";
				SWIFT_EMIT_LOC_STRINGS = NO;
				SWIFT_VERSION = 5.0;
				TARGETED_DEVICE_FAMILY = "1,2";
				TEST_TARGET_NAME = Catventory;
			};
			name = Debug;
		};
		6F2F96B12BA5A07D00D56C74 /* Release */ = {
			isa = XCBuildConfiguration;
			buildSettings = {
				ALWAYS_EMBED_SWIFT_STANDARD_LIBRARIES = YES;
				CODE_SIGN_STYLE = Automatic;
				CURRENT_PROJECT_VERSION = 1;
				DEVELOPMENT_TEAM = 8Y3J97SYZG;
				GENERATE_INFOPLIST_FILE = YES;
				MARKETING_VERSION = 1.0;
				PRODUCT_BUNDLE_IDENTIFIER = "Fluffik-Studio.CatventoryUITests";
				PRODUCT_NAME = "$(TARGET_NAME)";
				SWIFT_EMIT_LOC_STRINGS = NO;
				SWIFT_VERSION = 5.0;
				TARGETED_DEVICE_FAMILY = "1,2";
				TEST_TARGET_NAME = Catventory;
			};
			name = Release;
		};
/* End XCBuildConfiguration section */

/* Begin XCConfigurationList section */
		6F2F967E2BA5A07B00D56C74 /* Build configuration list for PBXProject "Catventory" */ = {
			isa = XCConfigurationList;
			buildConfigurations = (
				6F2F96A72BA5A07D00D56C74 /* Debug */,
				6F2F96A82BA5A07D00D56C74 /* Release */,
			);
			defaultConfigurationIsVisible = 0;
			defaultConfigurationName = Release;
		};
		6F2F96A92BA5A07D00D56C74 /* Build configuration list for PBXNativeTarget "Catventory" */ = {
			isa = XCConfigurationList;
			buildConfigurations = (
				6F2F96AA2BA5A07D00D56C74 /* Debug */,
				6F2F96AB2BA5A07D00D56C74 /* Release */,
			);
			defaultConfigurationIsVisible = 0;
			defaultConfigurationName = Release;
		};
		6F2F96AC2BA5A07D00D56C74 /* Build configuration list for PBXNativeTarget "CatventoryTests" */ = {
			isa = XCConfigurationList;
			buildConfigurations = (
				6F2F96AD2BA5A07D00D56C74 /* Debug */,
				6F2F96AE2BA5A07D00D56C74 /* Release */,
			);
			defaultConfigurationIsVisible = 0;
			defaultConfigurationName = Release;
		};
		6F2F96AF2BA5A07D00D56C74 /* Build configuration list for PBXNativeTarget "CatventoryUITests" */ = {
			isa = XCConfigurationList;
			buildConfigurations = (
				6F2F96B02BA5A07D00D56C74 /* Debug */,
				6F2F96B12BA5A07D00D56C74 /* Release */,
			);
			defaultConfigurationIsVisible = 0;
			defaultConfigurationName = Release;
		};
/* End XCConfigurationList section */

/* Begin XCRemoteSwiftPackageReference section */
		6F2F96B82BA5BBC100D56C74 /* XCRemoteSwiftPackageReference "CodeScanner" */ = {
			isa = XCRemoteSwiftPackageReference;
			repositoryURL = "https://github.com/twostraws/CodeScanner";
			requirement = {
				kind = upToNextMajorVersion;
				minimumVersion = 2.4.0;
			};
		};
		6F2F96C92BA7737200D56C74 /* XCRemoteSwiftPackageReference "SwiftUI-Introspect" */ = {
			isa = XCRemoteSwiftPackageReference;
			repositoryURL = "https://github.com/siteline/SwiftUI-Introspect";
			requirement = {
				kind = upToNextMajorVersion;
				minimumVersion = 1.1.3;
			};
		};
		6F2F96D52BA8C12500D56C74 /* XCRemoteSwiftPackageReference "FilePicker" */ = {
			isa = XCRemoteSwiftPackageReference;
			repositoryURL = "https://github.com/markrenaud/FilePicker";
			requirement = {
				kind = upToNextMajorVersion;
				minimumVersion = 1.0.1;
			};
		};
		6F3F2C5D2BB59C3E00AEFDF8 /* XCRemoteSwiftPackageReference "SwiftCSV" */ = {
			isa = XCRemoteSwiftPackageReference;
			repositoryURL = "https://github.com/swiftcsv/SwiftCSV";
			requirement = {
				kind = upToNextMajorVersion;
				minimumVersion = 0.9.1;
			};
		};
/* End XCRemoteSwiftPackageReference section */

/* Begin XCSwiftPackageProductDependency section */
		6F2F96CA2BA7737200D56C74 /* SwiftUIIntrospect */ = {
			isa = XCSwiftPackageProductDependency;
			package = 6F2F96C92BA7737200D56C74 /* XCRemoteSwiftPackageReference "SwiftUI-Introspect" */;
			productName = SwiftUIIntrospect;
		};
		6F2F96D62BA8C12500D56C74 /* FilePicker */ = {
			isa = XCSwiftPackageProductDependency;
			package = 6F2F96D52BA8C12500D56C74 /* XCRemoteSwiftPackageReference "FilePicker" */;
			productName = FilePicker;
		};
		6F3F2C5E2BB59C7D00AEFDF8 /* SwiftCSV */ = {
			isa = XCSwiftPackageProductDependency;
			package = 6F3F2C5D2BB59C3E00AEFDF8 /* XCRemoteSwiftPackageReference "SwiftCSV" */;
			productName = SwiftCSV;
		};
/* End XCSwiftPackageProductDependency section */
	};
	rootObject = 6F2F967B2BA5A07B00D56C74 /* Project object */;
}
